
Microsoft Visual Studio Solution File, Format Version 12.00
# Visual Studio Version 17
VisualStudioVersion = 17.12.35209.166
MinimumVisualStudioVersion = 10.0.40219.1
Project("{FAE04EC0-301F-11D3-BF4B-00C04F79EFBC}") = "AsyncChallenge", "AsyncChallenge\AsyncChallenge.csproj", "{C5AC647D-B0C7-4936-B971-837D3FFF988F}"
EndProject
Global
	GlobalSection(SolutionConfigurationPlatforms) = preSolution
		Debug|Any CPU = Debug|Any CPU
		Release|Any CPU = Release|Any CPU
	EndGlobalSection
	GlobalSection(ProjectConfigurationPlatforms) = postSolution
		{C5AC647D-B0C7-4936-B971-837D3FFF988F}.Debug|Any CPU.ActiveCfg = Debug|Any CPU
		{C5AC647D-B0C7-4936-B971-837D3FFF988F}.Debug|Any CPU.Build.0 = Debug|Any CPU
		{C5AC647D-B0C7-4936-B971-837D3FFF988F}.Release|Any CPU.ActiveCfg = Release|Any CPU
		{C5AC647D-B0C7-4936-B971-837D3FFF988F}.Release|Any CPU.Build.0 = Release|Any CPU
	EndGlobalSection
	GlobalSection(SolutionProperties) = preSolution
		HideSolutionNode = FALSE
	EndGlobalSection
	GlobalSection(ExtensibilityGlobals) = postSolution
		SolutionGuid = {A5F4D88E-6FE9-4404-98AE-6823FB077E98}
	EndGlobalSection
EndGlobal
